// !$*UTF8*$!
{
	archiveVersion = 1;
	classes = {
	};
	objectVersion = 46;
	objects = {

/* Begin PBXBuildFile section */
		4CD3D8C21A6C161900E05669 /* AppDelegate.swift in Sources */ = {isa = PBXBuildFile; fileRef = 4CD3D8C11A6C161900E05669 /* AppDelegate.swift */; };
		4CD3D8C51A6C161900E05669 /* beerventory.xcdatamodeld in Sources */ = {isa = PBXBuildFile; fileRef = 4CD3D8C31A6C161900E05669 /* beerventory.xcdatamodeld */; };
		4CD3D8C71A6C161900E05669 /* ViewController.swift in Sources */ = {isa = PBXBuildFile; fileRef = 4CD3D8C61A6C161900E05669 /* ViewController.swift */; };
		4CD3D8CA1A6C161900E05669 /* Main.storyboard in Resources */ = {isa = PBXBuildFile; fileRef = 4CD3D8C81A6C161900E05669 /* Main.storyboard */; };
		4CD3D8CC1A6C161900E05669 /* Images.xcassets in Resources */ = {isa = PBXBuildFile; fileRef = 4CD3D8CB1A6C161900E05669 /* Images.xcassets */; };
		4CD3D8CF1A6C161900E05669 /* LaunchScreen.xib in Resources */ = {isa = PBXBuildFile; fileRef = 4CD3D8CD1A6C161900E05669 /* LaunchScreen.xib */; };
		4CD3D8DB1A6C161900E05669 /* beerventoryTests.swift in Sources */ = {isa = PBXBuildFile; fileRef = 4CD3D8DA1A6C161900E05669 /* beerventoryTests.swift */; };
/* End PBXBuildFile section */

/* Begin PBXContainerItemProxy section */
		4CD3D8D51A6C161900E05669 /* PBXContainerItemProxy */ = {
			isa = PBXContainerItemProxy;
			containerPortal = 4CD3D8B41A6C161900E05669 /* Project object */;
			proxyType = 1;
			remoteGlobalIDString = 4CD3D8BB1A6C161900E05669;
			remoteInfo = beerventory;
		};
/* End PBXContainerItemProxy section */

/* Begin PBXFileReference section */
		4CD3D8BC1A6C161900E05669 /* beerventory.app */ = {isa = PBXFileReference; explicitFileType = wrapper.application; includeInIndex = 0; path = beerventory.app; sourceTree = BUILT_PRODUCTS_DIR; };
		4CD3D8C01A6C161900E05669 /* Info.plist */ = {isa = PBXFileReference; lastKnownFileType = text.plist.xml; path = Info.plist; sourceTree = "<group>"; };
		4CD3D8C11A6C161900E05669 /* AppDelegate.swift */ = {isa = PBXFileReference; lastKnownFileType = sourcecode.swift; path = AppDelegate.swift; sourceTree = "<group>"; };
		4CD3D8C41A6C161900E05669 /* beerventory.xcdatamodel */ = {isa = PBXFileReference; lastKnownFileType = wrapper.xcdatamodel; path = beerventory.xcdatamodel; sourceTree = "<group>"; };
		4CD3D8C61A6C161900E05669 /* ViewController.swift */ = {isa = PBXFileReference; lastKnownFileType = sourcecode.swift; path = ViewController.swift; sourceTree = "<group>"; };
		4CD3D8C91A6C161900E05669 /* Base */ = {isa = PBXFileReference; lastKnownFileType = file.storyboard; name = Base; path = Base.lproj/Main.storyboard; sourceTree = "<group>"; };
		4CD3D8CB1A6C161900E05669 /* Images.xcassets */ = {isa = PBXFileReference; lastKnownFileType = folder.assetcatalog; path = Images.xcassets; sourceTree = "<group>"; };
		4CD3D8CE1A6C161900E05669 /* Base */ = {isa = PBXFileReference; lastKnownFileType = file.xib; name = Base; path = Base.lproj/LaunchScreen.xib; sourceTree = "<group>"; };
		4CD3D8D41A6C161900E05669 /* beerventoryTests.xctest */ = {isa = PBXFileReference; explicitFileType = wrapper.cfbundle; includeInIndex = 0; path = beerventoryTests.xctest; sourceTree = BUILT_PRODUCTS_DIR; };
		4CD3D8D91A6C161900E05669 /* Info.plist */ = {isa = PBXFileReference; lastKnownFileType = text.plist.xml; path = Info.plist; sourceTree = "<group>"; };
		4CD3D8DA1A6C161900E05669 /* beerventoryTests.swift */ = {isa = PBXFileReference; lastKnownFileType = sourcecode.swift; path = beerventoryTests.swift; sourceTree = "<group>"; };
/* End PBXFileReference section */

/* Begin PBXFrameworksBuildPhase section */
		4CD3D8B91A6C161900E05669 /* Frameworks */ = {
			isa = PBXFrameworksBuildPhase;
			buildActionMask = 2147483647;
			files = (
			);
			runOnlyForDeploymentPostprocessing = 0;
		};
		4CD3D8D11A6C161900E05669 /* Frameworks */ = {
			isa = PBXFrameworksBuildPhase;
			buildActionMask = 2147483647;
			files = (
			);
			runOnlyForDeploymentPostprocessing = 0;
		};
/* End PBXFrameworksBuildPhase section */

/* Begin PBXGroup section */
		4CD3D8B31A6C161900E05669 = {
			isa = PBXGroup;
			children = (
				4CD3D8BE1A6C161900E05669 /* beerventory */,
				4CD3D8D71A6C161900E05669 /* beerventoryTests */,
				4CD3D8BD1A6C161900E05669 /* Products */,
			);
			sourceTree = "<group>";
		};
		4CD3D8BD1A6C161900E05669 /* Products */ = {
			isa = PBXGroup;
			children = (
				4CD3D8BC1A6C161900E05669 /* beerventory.app */,
				4CD3D8D41A6C161900E05669 /* beerventoryTests.xctest */,
			);
			name = Products;
			sourceTree = "<group>";
		};
		4CD3D8BE1A6C161900E05669 /* beerventory */ = {
			isa = PBXGroup;
			children = (
				4CD3D8C11A6C161900E05669 /* AppDelegate.swift */,
				4CD3D8C61A6C161900E05669 /* ViewController.swift */,
				4CD3D8C81A6C161900E05669 /* Main.storyboard */,
				4CD3D8CB1A6C161900E05669 /* Images.xcassets */,
				4CD3D8CD1A6C161900E05669 /* LaunchScreen.xib */,
				4CD3D8C31A6C161900E05669 /* beerventory.xcdatamodeld */,
				4CD3D8BF1A6C161900E05669 /* Supporting Files */,
			);
			path = beerventory;
			sourceTree = "<group>";
		};
		4CD3D8BF1A6C161900E05669 /* Supporting Files */ = {
			isa = PBXGroup;
			children = (
				4CD3D8C01A6C161900E05669 /* Info.plist */,
			);
			name = "Supporting Files";
			sourceTree = "<group>";
		};
		4CD3D8D71A6C161900E05669 /* beerventoryTests */ = {
			isa = PBXGroup;
			children = (
				4CD3D8DA1A6C161900E05669 /* beerventoryTests.swift */,
				4CD3D8D81A6C161900E05669 /* Supporting Files */,
			);
			path = beerventoryTests;
			sourceTree = "<group>";
		};
		4CD3D8D81A6C161900E05669 /* Supporting Files */ = {
			isa = PBXGroup;
			children = (
				4CD3D8D91A6C161900E05669 /* Info.plist */,
			);
			name = "Supporting Files";
			sourceTree = "<group>";
		};
/* End PBXGroup section */

/* Begin PBXNativeTarget section */
		4CD3D8BB1A6C161900E05669 /* beerventory */ = {
			isa = PBXNativeTarget;
			buildConfigurationList = 4CD3D8DE1A6C161900E05669 /* Build configuration list for PBXNativeTarget "beerventory" */;
			buildPhases = (
				4CD3D8B81A6C161900E05669 /* Sources */,
				4CD3D8B91A6C161900E05669 /* Frameworks */,
				4CD3D8BA1A6C161900E05669 /* Resources */,
			);
			buildRules = (
			);
			dependencies = (
			);
			name = beerventory;
			productName = beerventory;
			productReference = 4CD3D8BC1A6C161900E05669 /* beerventory.app */;
			productType = "com.apple.product-type.application";
		};
		4CD3D8D31A6C161900E05669 /* beerventoryTests */ = {
			isa = PBXNativeTarget;
			buildConfigurationList = 4CD3D8E11A6C161900E05669 /* Build configuration list for PBXNativeTarget "beerventoryTests" */;
			buildPhases = (
				4CD3D8D01A6C161900E05669 /* Sources */,
				4CD3D8D11A6C161900E05669 /* Frameworks */,
				4CD3D8D21A6C161900E05669 /* Resources */,
			);
			buildRules = (
			);
			dependencies = (
				4CD3D8D61A6C161900E05669 /* PBXTargetDependency */,
			);
			name = beerventoryTests;
			productName = beerventoryTests;
			productReference = 4CD3D8D41A6C161900E05669 /* beerventoryTests.xctest */;
			productType = "com.apple.product-type.bundle.unit-test";
		};
/* End PBXNativeTarget section */

/* Begin PBXProject section */
		4CD3D8B41A6C161900E05669 /* Project object */ = {
			isa = PBXProject;
			attributes = {
				LastUpgradeCheck = 0610;
				ORGANIZATIONNAME = "Önders et Gonas";
				TargetAttributes = {
					4CD3D8BB1A6C161900E05669 = {
						CreatedOnToolsVersion = 6.1;
					};
					4CD3D8D31A6C161900E05669 = {
						CreatedOnToolsVersion = 6.1;
						TestTargetID = 4CD3D8BB1A6C161900E05669;
					};
				};
			};
			buildConfigurationList = 4CD3D8B71A6C161900E05669 /* Build configuration list for PBXProject "beerventory" */;
			compatibilityVersion = "Xcode 3.2";
			developmentRegion = English;
			hasScannedForEncodings = 0;
			knownRegions = (
				en,
				Base,
			);
			mainGroup = 4CD3D8B31A6C161900E05669;
			productRefGroup = 4CD3D8BD1A6C161900E05669 /* Products */;
			projectDirPath = "";
			projectRoot = "";
			targets = (
				4CD3D8BB1A6C161900E05669 /* beerventory */,
				4CD3D8D31A6C161900E05669 /* beerventoryTests */,
			);
		};
/* End PBXProject section */

/* Begin PBXResourcesBuildPhase section */
		4CD3D8BA1A6C161900E05669 /* Resources */ = {
			isa = PBXResourcesBuildPhase;
			buildActionMask = 2147483647;
			files = (
				4CD3D8CA1A6C161900E05669 /* Main.storyboard in Resources */,
				4CD3D8CF1A6C161900E05669 /* LaunchScreen.xib in Resources */,
				4CD3D8CC1A6C161900E05669 /* Images.xcassets in Resources */,
			);
			runOnlyForDeploymentPostprocessing = 0;
		};
		4CD3D8D21A6C161900E05669 /* Resources */ = {
			isa = PBXResourcesBuildPhase;
			buildActionMask = 2147483647;
			files = (
			);
			runOnlyForDeploymentPostprocessing = 0;
		};
/* End PBXResourcesBuildPhase section */

/* Begin PBXSourcesBuildPhase section */
		4CD3D8B81A6C161900E05669 /* Sources */ = {
			isa = PBXSourcesBuildPhase;
			buildActionMask = 2147483647;
			files = (
				4CD3D8C71A6C161900E05669 /* ViewController.swift in Sources */,
				4CD3D8C21A6C161900E05669 /* AppDelegate.swift in Sources */,
				4CD3D8C51A6C161900E05669 /* beerventory.xcdatamodeld in Sources */,
			);
			runOnlyForDeploymentPostprocessing = 0;
		};
		4CD3D8D01A6C161900E05669 /* Sources */ = {
			isa = PBXSourcesBuildPhase;
			buildActionMask = 2147483647;
			files = (
				4CD3D8DB1A6C161900E05669 /* beerventoryTests.swift in Sources */,
			);
			runOnlyForDeploymentPostprocessing = 0;
		};
/* End PBXSourcesBuildPhase section */

/* Begin PBXTargetDependency section */
		4CD3D8D61A6C161900E05669 /* PBXTargetDependency */ = {
			isa = PBXTargetDependency;
			target = 4CD3D8BB1A6C161900E05669 /* beerventory */;
			targetProxy = 4CD3D8D51A6C161900E05669 /* PBXContainerItemProxy */;
		};
/* End PBXTargetDependency section */

/* Begin PBXVariantGroup section */
		4CD3D8C81A6C161900E05669 /* Main.storyboard */ = {
			isa = PBXVariantGroup;
			children = (
				4CD3D8C91A6C161900E05669 /* Base */,
			);
			name = Main.storyboard;
			sourceTree = "<group>";
		};
		4CD3D8CD1A6C161900E05669 /* LaunchScreen.xib */ = {
			isa = PBXVariantGroup;
			children = (
				4CD3D8CE1A6C161900E05669 /* Base */,
			);
			name = LaunchScreen.xib;
			sourceTree = "<group>";
		};
/* End PBXVariantGroup section */

/* Begin XCBuildConfiguration section */
		4CD3D8DC1A6C161900E05669 /* Debug */ = {
			isa = XCBuildConfiguration;
			buildSettings = {
				ALWAYS_SEARCH_USER_PATHS = NO;
				CLANG_CXX_LANGUAGE_STANDARD = "gnu++0x";
				CLANG_CXX_LIBRARY = "libc++";
				CLANG_ENABLE_MODULES = YES;
				CLANG_ENABLE_OBJC_ARC = YES;
				CLANG_WARN_BOOL_CONVERSION = YES;
				CLANG_WARN_CONSTANT_CONVERSION = YES;
				CLANG_WARN_DIRECT_OBJC_ISA_USAGE = YES_ERROR;
				CLANG_WARN_EMPTY_BODY = YES;
				CLANG_WARN_ENUM_CONVERSION = YES;
				CLANG_WARN_INT_CONVERSION = YES;
				CLANG_WARN_OBJC_ROOT_CLASS = YES_ERROR;
				CLANG_WARN_UNREACHABLE_CODE = YES;
				CLANG_WARN__DUPLICATE_METHOD_MATCH = YES;
				"CODE_SIGN_IDENTITY[sdk=iphoneos*]" = "iPhone Developer";
				COPY_PHASE_STRIP = NO;
				ENABLE_STRICT_OBJC_MSGSEND = YES;
				GCC_C_LANGUAGE_STANDARD = gnu99;
				GCC_DYNAMIC_NO_PIC = NO;
				GCC_OPTIMIZATION_LEVEL = 0;
				GCC_PREPROCESSOR_DEFINITIONS = (
					"DEBUG=1",
					"$(inherited)",
				);
				GCC_SYMBOLS_PRIVATE_EXTERN = NO;
				GCC_WARN_64_TO_32_BIT_CONVERSION = YES;
				GCC_WARN_ABOUT_RETURN_TYPE = YES_ERROR;
				GCC_WARN_UNDECLARED_SELECTOR = YES;
				GCC_WARN_UNINITIALIZED_AUTOS = YES_AGGRESSIVE;
				GCC_WARN_UNUSED_FUNCTION = YES;
				GCC_WARN_UNUSED_VARIABLE = YES;
				IPHONEOS_DEPLOYMENT_TARGET = 8.1;
				MTL_ENABLE_DEBUG_INFO = YES;
				ONLY_ACTIVE_ARCH = YES;
				SDKROOT = iphoneos;
				SWIFT_OPTIMIZATION_LEVEL = "-Onone";
			};
			name = Debug;
		};
		4CD3D8DD1A6C161900E05669 /* Release */ = {
			isa = XCBuildConfiguration;
			buildSettings = {
				ALWAYS_SEARCH_USER_PATHS = NO;
				CLANG_CXX_LANGUAGE_STANDARD = "gnu++0x";
				CLANG_CXX_LIBRARY = "libc++";
				CLANG_ENABLE_MODULES = YES;
				CLANG_ENABLE_OBJC_ARC = YES;
				CLANG_WARN_BOOL_CONVERSION = YES;
				CLANG_WARN_CONSTANT_CONVERSION = YES;
				CLANG_WARN_DIRECT_OBJC_ISA_USAGE = YES_ERROR;
				CLANG_WARN_EMPTY_BODY = YES;
				CLANG_WARN_ENUM_CONVERSION = YES;
				CLANG_WARN_INT_CONVERSION = YES;
				CLANG_WARN_OBJC_ROOT_CLASS = YES_ERROR;
				CLANG_WARN_UNREACHABLE_CODE = YES;
				CLANG_WARN__DUPLICATE_METHOD_MATCH = YES;
				"CODE_SIGN_IDENTITY[sdk=iphoneos*]" = "iPhone Developer";
				COPY_PHASE_STRIP = YES;
				ENABLE_NS_ASSERTIONS = NO;
				ENABLE_STRICT_OBJC_MSGSEND = YES;
				GCC_C_LANGUAGE_STANDARD = gnu99;
				GCC_WARN_64_TO_32_BIT_CONVERSION = YES;
				GCC_WARN_ABOUT_RETURN_TYPE = YES_ERROR;
				GCC_WARN_UNDECLARED_SELECTOR = YES;
				GCC_WARN_UNINITIALIZED_AUTOS = YES_AGGRESSIVE;
				GCC_WARN_UNUSED_FUNCTION = YES;
				GCC_WARN_UNUSED_VARIABLE = YES;
				IPHONEOS_DEPLOYMENT_TARGET = 8.1;
				MTL_ENABLE_DEBUG_INFO = NO;
				SDKROOT = iphoneos;
				VALIDATE_PRODUCT = YES;
			};
			name = Release;
		};
		4CD3D8DF1A6C161900E05669 /* Debug */ = {
			isa = XCBuildConfiguration;
			buildSettings = {
				ASSETCATALOG_COMPILER_APPICON_NAME = AppIcon;
				INFOPLIST_FILE = beerventory/Info.plist;
				LD_RUNPATH_SEARCH_PATHS = "$(inherited) @executable_path/Frameworks";
				PRODUCT_NAME = "$(TARGET_NAME)";
			};
			name = Debug;
		};
		4CD3D8E01A6C161900E05669 /* Release */ = {
			isa = XCBuildConfiguration;
			buildSettings = {
				ASSETCATALOG_COMPILER_APPICON_NAME = AppIcon;
				INFOPLIST_FILE = beerventory/Info.plist;
				LD_RUNPATH_SEARCH_PATHS = "$(inherited) @executable_path/Frameworks";
				PRODUCT_NAME = "$(TARGET_NAME)";
			};
			name = Release;
		};
		4CD3D8E21A6C161900E05669 /* Debug */ = {
			isa = XCBuildConfiguration;
			buildSettings = {
				BUNDLE_LOADER = "$(TEST_HOST)";
				FRAMEWORK_SEARCH_PATHS = (
					"$(SDKROOT)/Developer/Library/Frameworks",
					"$(inherited)",
				);
				GCC_PREPROCESSOR_DEFINITIONS = (
					"DEBUG=1",
					"$(inherited)",
				);
				INFOPLIST_FILE = beerventoryTests/Info.plist;
				LD_RUNPATH_SEARCH_PATHS = "$(inherited) @executable_path/Frameworks @loader_path/Frameworks";
				PRODUCT_NAME = "$(TARGET_NAME)";
				TEST_HOST = "$(BUILT_PRODUCTS_DIR)/beerventory.app/beerventory";
			};
			name = Debug;
		};
		4CD3D8E31A6C161900E05669 /* Release */ = {
			isa = XCBuildConfiguration;
			buildSettings = {
				BUNDLE_LOADER = "$(TEST_HOST)";
				FRAMEWORK_SEARCH_PATHS = (
					"$(SDKROOT)/Developer/Library/Frameworks",
					"$(inherited)",
				);
				INFOPLIST_FILE = beerventoryTests/Info.plist;
				LD_RUNPATH_SEARCH_PATHS = "$(inherited) @executable_path/Frameworks @loader_path/Frameworks";
				PRODUCT_NAME = "$(TARGET_NAME)";
				TEST_HOST = "$(BUILT_PRODUCTS_DIR)/beerventory.app/beerventory";
			};
			name = Release;
		};
/* End XCBuildConfiguration section */

/* Begin XCConfigurationList section */
		4CD3D8B71A6C161900E05669 /* Build configuration list for PBXProject "beerventory" */ = {
			isa = XCConfigurationList;
			buildConfigurations = (
				4CD3D8DC1A6C161900E05669 /* Debug */,
				4CD3D8DD1A6C161900E05669 /* Release */,
			);
			defaultConfigurationIsVisible = 0;
			defaultConfigurationName = Release;
		};
		4CD3D8DE1A6C161900E05669 /* Build configuration list for PBXNativeTarget "beerventory" */ = {
			isa = XCConfigurationList;
			buildConfigurations = (
				4CD3D8DF1A6C161900E05669 /* Debug */,
				4CD3D8E01A6C161900E05669 /* Release */,
			);
			defaultConfigurationIsVisible = 0;
		};
		4CD3D8E11A6C161900E05669 /* Build configuration list for PBXNativeTarget "beerventoryTests" */ = {
			isa = XCConfigurationList;
			buildConfigurations = (
				4CD3D8E21A6C161900E05669 /* Debug */,
				4CD3D8E31A6C161900E05669 /* Release */,
			);
			defaultConfigurationIsVisible = 0;
		};
/* End XCConfigurationList section */

/* Begin XCVersionGroup section */
		4CD3D8C31A6C161900E05669 /* beerventory.xcdatamodeld */ = {
			isa = XCVersionGroup;
			children = (
				4CD3D8C41A6C161900E05669 /* beerventory.xcdatamodel */,
			);
			currentVersion = 4CD3D8C41A6C161900E05669 /* beerventory.xcdatamodel */;
			path = beerventory.xcdatamodeld;
			sourceTree = "<group>";
			versionGroupType = wrapper.xcdatamodel;
		};
/* End XCVersionGroup section */
	};
	rootObject = 4CD3D8B41A6C161900E05669 /* Project object */;
}
